Microsoft Visual Studio Solution File, Format Version 12.00
# Visual Studio Version 17
VisualStudioVersion = 17.5.2.0
MinimumVisualStudioVersion = 10.0.40219.1
Project("{FAE04EC0-301F-11D3-BF4B-00C04F79EFBC}") = "PoliticalApp", "PoliticalApp.csproj", "{DB1A8F1C-681C-0064-F384-50284E3E2FC0}"
EndProject
Global
	GlobalSection(SolutionConfigurationPlatforms) = preSolution
		Debug|Any CPU = Debug|Any CPU
		Release|Any CPU = Release|Any CPU
	EndGlobalSection
	GlobalSection(ProjectConfigurationPlatforms) = postSolution
		{DB1A8F1C-681C-0064-F384-50284E3E2FC0}.Debug|Any CPU.ActiveCfg = Debug|Any CPU
		{DB1A8F1C-681C-0064-F384-50284E3E2FC0}.Debug|Any CPU.Build.0 = Debug|Any CPU
		{DB1A8F1C-681C-0064-F384-50284E3E2FC0}.Release|Any CPU.ActiveCfg = Release|Any CPU
		{DB1A8F1C-681C-0064-F384-50284E3E2FC0}.Release|Any CPU.Build.0 = Release|Any CPU
	EndGlobalSection
	GlobalSection(SolutionProperties) = preSolution
		HideSolutionNode = FALSE
	EndGlobalSection
	GlobalSection(ExtensibilityGlobals) = postSolution
		SolutionGuid = {EA933244-FCF7-4CAC-A8D3-5A0CEF6558FF}
	EndGlobalSection
EndGlobal
